
Microsoft Visual Studio Solution File, Format Version 12.00
# Visual Studio 15
VisualStudioVersion = 15.0.28307.329
MinimumVisualStudioVersion = 10.0.40219.1
Project("{FAE04EC0-301F-11D3-BF4B-00C04F79EFBC}") = "Task2", "Task2\Task2.csproj", "{D9A01EB5-679F-43F7-A22B-F0CCAB25358B}"
EndProject
Global
	GlobalSection(SolutionConfigurationPlatforms) = preSolution
		Debug|Any CPU = Debug|Any CPU
		Release|Any CPU = Release|Any CPU
	EndGlobalSection
	GlobalSection(ProjectConfigurationPlatforms) = postSolution
		{D9A01EB5-679F-43F7-A22B-F0CCAB25358B}.Debug|Any CPU.ActiveCfg = Debug|Any CPU
		{D9A01EB5-679F-43F7-A22B-F0CCAB25358B}.Debug|Any CPU.Build.0 = Debug|Any CPU
		{D9A01EB5-679F-43F7-A22B-F0CCAB25358B}.Release|Any CPU.ActiveCfg = Release|Any CPU
		{D9A01EB5-679F-43F7-A22B-F0CCAB25358B}.Release|Any CPU.Build.0 = Release|Any CPU
	EndGlobalSection
	GlobalSection(SolutionProperties) = preSolution
		HideSolutionNode = FALSE
	EndGlobalSection
	GlobalSection(ExtensibilityGlobals) = postSolution
		SolutionGuid = {D5D2B8FD-0A6F-4A43-903F-F00DFAB578D6}
	EndGlobalSection
EndGlobal
