
Microsoft Visual Studio Solution File, Format Version 12.00
# Visual Studio 15
VisualStudioVersion = 15.0.28307.329
MinimumVisualStudioVersion = 10.0.40219.1
Project("{FAE04EC0-301F-11D3-BF4B-00C04F79EFBC}") = "Task2", "Task2\Task2.csproj", "{3A5970A3-1E4E-46A4-A6EB-4C95B5214FBF}"
EndProject
Global
	GlobalSection(SolutionConfigurationPlatforms) = preSolution
		Debug|Any CPU = Debug|Any CPU
		Release|Any CPU = Release|Any CPU
	EndGlobalSection
	GlobalSection(ProjectConfigurationPlatforms) = postSolution
		{3A5970A3-1E4E-46A4-A6EB-4C95B5214FBF}.Debug|Any CPU.ActiveCfg = Debug|Any CPU
		{3A5970A3-1E4E-46A4-A6EB-4C95B5214FBF}.Debug|Any CPU.Build.0 = Debug|Any CPU
		{3A5970A3-1E4E-46A4-A6EB-4C95B5214FBF}.Release|Any CPU.ActiveCfg = Release|Any CPU
		{3A5970A3-1E4E-46A4-A6EB-4C95B5214FBF}.Release|Any CPU.Build.0 = Release|Any CPU
	EndGlobalSection
	GlobalSection(SolutionProperties) = preSolution
		HideSolutionNode = FALSE
	EndGlobalSection
	GlobalSection(ExtensibilityGlobals) = postSolution
		SolutionGuid = {870B0350-6CFE-472B-B73C-7942ED5163E3}
	EndGlobalSection
EndGlobal
