
Microsoft Visual Studio Solution File, Format Version 12.00
# Visual Studio 15
VisualStudioVersion = 15.0.28307.329
MinimumVisualStudioVersion = 10.0.40219.1
Project("{FAE04EC0-301F-11D3-BF4B-00C04F79EFBC}") = "Task1", "Task1\Task1.csproj", "{9FCF255D-AF4B-4634-AE0B-F6D41B10DE6A}"
EndProject
Global
	GlobalSection(SolutionConfigurationPlatforms) = preSolution
		Debug|Any CPU = Debug|Any CPU
		Release|Any CPU = Release|Any CPU
	EndGlobalSection
	GlobalSection(ProjectConfigurationPlatforms) = postSolution
		{9FCF255D-AF4B-4634-AE0B-F6D41B10DE6A}.Debug|Any CPU.ActiveCfg = Debug|Any CPU
		{9FCF255D-AF4B-4634-AE0B-F6D41B10DE6A}.Debug|Any CPU.Build.0 = Debug|Any CPU
		{9FCF255D-AF4B-4634-AE0B-F6D41B10DE6A}.Release|Any CPU.ActiveCfg = Release|Any CPU
		{9FCF255D-AF4B-4634-AE0B-F6D41B10DE6A}.Release|Any CPU.Build.0 = Release|Any CPU
	EndGlobalSection
	GlobalSection(SolutionProperties) = preSolution
		HideSolutionNode = FALSE
	EndGlobalSection
	GlobalSection(ExtensibilityGlobals) = postSolution
		SolutionGuid = {64FDAB93-1EF6-423A-99F3-B8F7FB629B16}
	EndGlobalSection
EndGlobal
