
Microsoft Visual Studio Solution File, Format Version 12.00
# Visual Studio 15
VisualStudioVersion = 15.0.28307.271
MinimumVisualStudioVersion = 10.0.40219.1
Project("{FAE04EC0-301F-11D3-BF4B-00C04F79EFBC}") = "Task2", "Task2\Task2.csproj", "{D95D4A3C-451F-4C2D-A53D-77378BB7000B}"
EndProject
Global
	GlobalSection(SolutionConfigurationPlatforms) = preSolution
		Debug|Any CPU = Debug|Any CPU
		Release|Any CPU = Release|Any CPU
	EndGlobalSection
	GlobalSection(ProjectConfigurationPlatforms) = postSolution
		{D95D4A3C-451F-4C2D-A53D-77378BB7000B}.Debug|Any CPU.ActiveCfg = Debug|Any CPU
		{D95D4A3C-451F-4C2D-A53D-77378BB7000B}.Debug|Any CPU.Build.0 = Debug|Any CPU
		{D95D4A3C-451F-4C2D-A53D-77378BB7000B}.Release|Any CPU.ActiveCfg = Release|Any CPU
		{D95D4A3C-451F-4C2D-A53D-77378BB7000B}.Release|Any CPU.Build.0 = Release|Any CPU
	EndGlobalSection
	GlobalSection(SolutionProperties) = preSolution
		HideSolutionNode = FALSE
	EndGlobalSection
	GlobalSection(ExtensibilityGlobals) = postSolution
		SolutionGuid = {1A9D111F-1667-4254-ACFA-27A360DAB946}
	EndGlobalSection
EndGlobal
